
Microsoft Visual Studio Solution File, Format Version 12.00
# Visual Studio Version 16
VisualStudioVersion = 16.0.30717.126
MinimumVisualStudioVersion = 10.0.40219.1
Project("{FAE04EC0-301F-11D3-BF4B-00C04F79EFBC}") = "MyCompany", "MyCompany\MyCompany.csproj", "{85210148-06A1-472F-BFDA-C0FA909D98CC}"
EndProject
Global
	GlobalSection(SolutionConfigurationPlatforms) = preSolution
		Debug|Any CPU = Debug|Any CPU
		Release|Any CPU = Release|Any CPU
	EndGlobalSection
	GlobalSection(ProjectConfigurationPlatforms) = postSolution
		{85210148-06A1-472F-BFDA-C0FA909D98CC}.Debug|Any CPU.ActiveCfg = Debug|Any CPU
		{85210148-06A1-472F-BFDA-C0FA909D98CC}.Debug|Any CPU.Build.0 = Debug|Any CPU
		{85210148-06A1-472F-BFDA-C0FA909D98CC}.Release|Any CPU.ActiveCfg = Release|Any CPU
		{85210148-06A1-472F-BFDA-C0FA909D98CC}.Release|Any CPU.Build.0 = Release|Any CPU
	EndGlobalSection
	GlobalSection(SolutionProperties) = preSolution
		HideSolutionNode = FALSE
	EndGlobalSection
	GlobalSection(ExtensibilityGlobals) = postSolution
		SolutionGuid = {751C6025-A6C4-4AAA-BC15-8DE3E18DCC09}
	EndGlobalSection
EndGlobal
